
Microsoft Visual Studio Solution File, Format Version 12.00
# Visual Studio Version 17
VisualStudioVersion = 17.7.34031.279
MinimumVisualStudioVersion = 10.0.40219.1
Project("{9A19103F-16F7-4668-BE54-9A1E7A4F7556}") = "EFCore", "EFCore\EFCore.csproj", "{F31BA84E-D93E-4BEA-9D07-2F13CC659E55}"
EndProject
Project("{9A19103F-16F7-4668-BE54-9A1E7A4F7556}") = "HRUI", "HRUI\HRUI.csproj", "{97A9A23F-AE03-4BE8-894F-C993EA1A3649}"
	ProjectSection(ProjectDependencies) = postProject
		{F31BA84E-D93E-4BEA-9D07-2F13CC659E55} = {F31BA84E-D93E-4BEA-9D07-2F13CC659E55}
	EndProjectSection
EndProject
Project("{9A19103F-16F7-4668-BE54-9A1E7A4F7556}") = "HRIServices", "HRIServices\HRIServices.csproj", "{E19D9E62-CEF8-458E-B56C-95DD16F3A290}"
	ProjectSection(ProjectDependencies) = postProject
		{F31BA84E-D93E-4BEA-9D07-2F13CC659E55} = {F31BA84E-D93E-4BEA-9D07-2F13CC659E55}
	EndProjectSection
EndProject
Project("{9A19103F-16F7-4668-BE54-9A1E7A4F7556}") = "HRServices", "HRServices\HRServices.csproj", "{1F614215-D3BB-4A93-BC28-C3C1C815DFF9}"
	ProjectSection(ProjectDependencies) = postProject
		{F31BA84E-D93E-4BEA-9D07-2F13CC659E55} = {F31BA84E-D93E-4BEA-9D07-2F13CC659E55}
	EndProjectSection
EndProject
Global
	GlobalSection(SolutionConfigurationPlatforms) = preSolution
		Debug|Any CPU = Debug|Any CPU
		Release|Any CPU = Release|Any CPU
	EndGlobalSection
	GlobalSection(ProjectConfigurationPlatforms) = postSolution
		{F31BA84E-D93E-4BEA-9D07-2F13CC659E55}.Debug|Any CPU.ActiveCfg = Debug|Any CPU
		{F31BA84E-D93E-4BEA-9D07-2F13CC659E55}.Debug|Any CPU.Build.0 = Debug|Any CPU
		{F31BA84E-D93E-4BEA-9D07-2F13CC659E55}.Release|Any CPU.ActiveCfg = Release|Any CPU
		{F31BA84E-D93E-4BEA-9D07-2F13CC659E55}.Release|Any CPU.Build.0 = Release|Any CPU
		{97A9A23F-AE03-4BE8-894F-C993EA1A3649}.Debug|Any CPU.ActiveCfg = Debug|Any CPU
		{97A9A23F-AE03-4BE8-894F-C993EA1A3649}.Debug|Any CPU.Build.0 = Debug|Any CPU
		{97A9A23F-AE03-4BE8-894F-C993EA1A3649}.Release|Any CPU.ActiveCfg = Release|Any CPU
		{97A9A23F-AE03-4BE8-894F-C993EA1A3649}.Release|Any CPU.Build.0 = Release|Any CPU
		{E19D9E62-CEF8-458E-B56C-95DD16F3A290}.Debug|Any CPU.ActiveCfg = Debug|Any CPU
		{E19D9E62-CEF8-458E-B56C-95DD16F3A290}.Debug|Any CPU.Build.0 = Debug|Any CPU
		{E19D9E62-CEF8-458E-B56C-95DD16F3A290}.Release|Any CPU.ActiveCfg = Release|Any CPU
		{E19D9E62-CEF8-458E-B56C-95DD16F3A290}.Release|Any CPU.Build.0 = Release|Any CPU
		{1F614215-D3BB-4A93-BC28-C3C1C815DFF9}.Debug|Any CPU.ActiveCfg = Debug|Any CPU
		{1F614215-D3BB-4A93-BC28-C3C1C815DFF9}.Debug|Any CPU.Build.0 = Debug|Any CPU
		{1F614215-D3BB-4A93-BC28-C3C1C815DFF9}.Release|Any CPU.ActiveCfg = Release|Any CPU
		{1F614215-D3BB-4A93-BC28-C3C1C815DFF9}.Release|Any CPU.Build.0 = Release|Any CPU
	EndGlobalSection
	GlobalSection(SolutionProperties) = preSolution
		HideSolutionNode = FALSE
	EndGlobalSection
	GlobalSection(ExtensibilityGlobals) = postSolution
		VisualSVNWorkingCopyRoot = .
		SolutionGuid = {E77FDB6A-E9BD-45A6-8224-15DBDE73CA29}
	EndGlobalSection
EndGlobal
